Microsoft Visual Studio Solution File, Format Version 8.00
Project("{FAE04EC0-301F-11D3-BF4B-00C04F79EFBC}") = "ZedGraph", "source\ZedGraph.csproj", "{998CE547-E905-4931-91B6-5E0439177E7E}"
	ProjectSection(ProjectDependencies) = postProject
	EndProjectSection
EndProject
Project("{FAE04EC0-301F-11D3-BF4B-00C04F79EFBC}") = "ZedGraph.Demo", "demo\ZedGraph.Demo.csproj", "{ABA28191-9B11-40D2-A51B-21293FE84365}"
	ProjectSection(ProjectDependencies) = postProject
	EndProjectSection
EndProject
Project("{FAE04EC0-301F-11D3-BF4B-00C04F79EFBC}") = "ZedGraph.UnitTest", "unittest\ZedGraph.UnitTest.csproj", "{15D66EEE-A852-4A52-89C2-83E74ECF3770}"
	ProjectSection(ProjectDependencies) = postProject
	EndProjectSection
EndProject
Project("{FAE04EC0-301F-11D3-BF4B-00C04F79EFBC}") = "ZedGraph.ControlTest", "controltest\ZedGraph.ControlTest.csproj", "{47287BC7-EBDB-4911-8F16-0D01D117E459}"
	ProjectSection(ProjectDependencies) = postProject
	EndProjectSection
EndProject
Project("{FAE04EC0-301F-11D3-BF4B-00C04F79EFBC}") = "ZedGraph.LibTest", "libtest\ZedGraph.LibTest.csproj", "{3986792A-CD38-40EB-BC80-96B05C3ECEB5}"
	ProjectSection(ProjectDependencies) = postProject
	EndProjectSection
EndProject
Global
	GlobalSection(SolutionConfiguration) = preSolution
		Debug = Debug
		Release = Release
	EndGlobalSection
	GlobalSection(ProjectConfiguration) = postSolution
		{998CE547-E905-4931-91B6-5E0439177E7E}.Debug.ActiveCfg = Debug|.NET
		{998CE547-E905-4931-91B6-5E0439177E7E}.Debug.Build.0 = Debug|.NET
		{998CE547-E905-4931-91B6-5E0439177E7E}.Release.ActiveCfg = Release|.NET
		{998CE547-E905-4931-91B6-5E0439177E7E}.Release.Build.0 = Release|.NET
		{ABA28191-9B11-40D2-A51B-21293FE84365}.Debug.ActiveCfg = Debug|.NET
		{ABA28191-9B11-40D2-A51B-21293FE84365}.Debug.Build.0 = Debug|.NET
		{ABA28191-9B11-40D2-A51B-21293FE84365}.Release.ActiveCfg = Release|.NET
		{ABA28191-9B11-40D2-A51B-21293FE84365}.Release.Build.0 = Release|.NET
		{15D66EEE-A852-4A52-89C2-83E74ECF3770}.Debug.ActiveCfg = Debug|.NET
		{15D66EEE-A852-4A52-89C2-83E74ECF3770}.Debug.Build.0 = Debug|.NET
		{15D66EEE-A852-4A52-89C2-83E74ECF3770}.Release.ActiveCfg = Release|.NET
		{15D66EEE-A852-4A52-89C2-83E74ECF3770}.Release.Build.0 = Release|.NET
		{47287BC7-EBDB-4911-8F16-0D01D117E459}.Debug.ActiveCfg = Debug|.NET
		{47287BC7-EBDB-4911-8F16-0D01D117E459}.Debug.Build.0 = Debug|.NET
		{47287BC7-EBDB-4911-8F16-0D01D117E459}.Release.ActiveCfg = Release|.NET
		{47287BC7-EBDB-4911-8F16-0D01D117E459}.Release.Build.0 = Release|.NET
		{3986792A-CD38-40EB-BC80-96B05C3ECEB5}.Debug.ActiveCfg = Debug|.NET
		{3986792A-CD38-40EB-BC80-96B05C3ECEB5}.Debug.Build.0 = Debug|.NET
		{3986792A-CD38-40EB-BC80-96B05C3ECEB5}.Release.ActiveCfg = Release|.NET
		{3986792A-CD38-40EB-BC80-96B05C3ECEB5}.Release.Build.0 = Release|.NET
	EndGlobalSection
	GlobalSection(SolutionItems) = postSolution
		Revision_History.txt = Revision_History.txt
		ToDo.txt = ToDo.txt
	EndGlobalSection
	GlobalSection(ExtensibilityGlobals) = postSolution
	EndGlobalSection
	GlobalSection(ExtensibilityAddIns) = postSolution
	EndGlobalSection
EndGlobal
