
Microsoft Visual Studio Solution File, Format Version 9.00
# Visual C# Express 2005
Project("{FAE04EC0-301F-11D3-BF4B-00C04F79EFBC}") = "ZedGraph", "source\ZedGraph.csproj", "{2541686B-1673-43BF-AF89-3163945DB009}"
EndProject
Project("{FAE04EC0-301F-11D3-BF4B-00C04F79EFBC}") = "ZedGraph.Web", "web\ZedGraph.Web.csproj", "{B17D1463-CDA6-4E19-B1C9-41B82C84B7DD}"
EndProject
Project("{FAE04EC0-301F-11D3-BF4B-00C04F79EFBC}") = "ZedGraph.ControlTest", "controltest\ZedGraph.ControlTest.csproj", "{4589AC20-2958-420D-AF75-70D874C2803C}"
EndProject
Project("{FAE04EC0-301F-11D3-BF4B-00C04F79EFBC}") = "ZedGraph.Demo", "demo\ZedGraph.Demo.csproj", "{C9FDF2E8-0776-4DA5-AEA9-ED847D85F9C7}"
EndProject
Project("{FAE04EC0-301F-11D3-BF4B-00C04F79EFBC}") = "ZedGraph.LibTest", "libtest\ZedGraph.LibTest.csproj", "{8D4E0CB3-42C5-4D39-B63B-373950B04DE8}"
EndProject
Project("{FAE04EC0-301F-11D3-BF4B-00C04F79EFBC}") = "ZedGraph.UnitTest", "unittest\ZedGraph.UnitTest.csproj", "{15D66EEE-A852-4A52-89C2-83E74ECF3770}"
EndProject
Global
	GlobalSection(SolutionConfigurationPlatforms) = preSolution
		Debug|Any CPU = Debug|Any CPU
		Release|Any CPU = Release|Any CPU
	EndGlobalSection
	GlobalSection(ProjectConfigurationPlatforms) = postSolution
		{2541686B-1673-43BF-AF89-3163945DB009}.Debug|Any CPU.ActiveCfg = Debug|Any CPU
		{2541686B-1673-43BF-AF89-3163945DB009}.Debug|Any CPU.Build.0 = Debug|Any CPU
		{2541686B-1673-43BF-AF89-3163945DB009}.Release|Any CPU.ActiveCfg = Release|Any CPU
		{2541686B-1673-43BF-AF89-3163945DB009}.Release|Any CPU.Build.0 = Release|Any CPU
		{B17D1463-CDA6-4E19-B1C9-41B82C84B7DD}.Debug|Any CPU.ActiveCfg = Debug|Any CPU
		{B17D1463-CDA6-4E19-B1C9-41B82C84B7DD}.Debug|Any CPU.Build.0 = Debug|Any CPU
		{B17D1463-CDA6-4E19-B1C9-41B82C84B7DD}.Release|Any CPU.ActiveCfg = Release|Any CPU
		{B17D1463-CDA6-4E19-B1C9-41B82C84B7DD}.Release|Any CPU.Build.0 = Release|Any CPU
		{4589AC20-2958-420D-AF75-70D874C2803C}.Debug|Any CPU.ActiveCfg = Debug|Any CPU
		{4589AC20-2958-420D-AF75-70D874C2803C}.Debug|Any CPU.Build.0 = Debug|Any CPU
		{4589AC20-2958-420D-AF75-70D874C2803C}.Release|Any CPU.ActiveCfg = Release|Any CPU
		{4589AC20-2958-420D-AF75-70D874C2803C}.Release|Any CPU.Build.0 = Release|Any CPU
		{C9FDF2E8-0776-4DA5-AEA9-ED847D85F9C7}.Debug|Any CPU.ActiveCfg = Debug|Any CPU
		{C9FDF2E8-0776-4DA5-AEA9-ED847D85F9C7}.Debug|Any CPU.Build.0 = Debug|Any CPU
		{C9FDF2E8-0776-4DA5-AEA9-ED847D85F9C7}.Release|Any CPU.ActiveCfg = Release|Any CPU
		{C9FDF2E8-0776-4DA5-AEA9-ED847D85F9C7}.Release|Any CPU.Build.0 = Release|Any CPU
		{8D4E0CB3-42C5-4D39-B63B-373950B04DE8}.Debug|Any CPU.ActiveCfg = Debug|Any CPU
		{8D4E0CB3-42C5-4D39-B63B-373950B04DE8}.Debug|Any CPU.Build.0 = Debug|Any CPU
		{8D4E0CB3-42C5-4D39-B63B-373950B04DE8}.Release|Any CPU.ActiveCfg = Release|Any CPU
		{8D4E0CB3-42C5-4D39-B63B-373950B04DE8}.Release|Any CPU.Build.0 = Release|Any CPU
		{15D66EEE-A852-4A52-89C2-83E74ECF3770}.Debug|Any CPU.ActiveCfg = Debug|Any CPU
		{15D66EEE-A852-4A52-89C2-83E74ECF3770}.Debug|Any CPU.Build.0 = Debug|Any CPU
		{15D66EEE-A852-4A52-89C2-83E74ECF3770}.Release|Any CPU.ActiveCfg = Release|Any CPU
		{15D66EEE-A852-4A52-89C2-83E74ECF3770}.Release|Any CPU.Build.0 = Release|Any CPU
	EndGlobalSection
	GlobalSection(SolutionProperties) = preSolution
		HideSolutionNode = FALSE
	EndGlobalSection
EndGlobal
